
Microsoft Visual Studio Solution File, Format Version 12.00
# Visual Studio 15
VisualStudioVersion = 15.0.28307.1209
MinimumVisualStudioVersion = 10.0.40219.1
Project("{8BC9CEB8-8B4A-11D0-8D11-00A0C91BC942}") = "AntsDrv", "AntsDrv\AntsDrv.vcxproj", "{CFB7E59A-AB36-4B24-B28E-D34537FC1DAA}"
EndProject
Project("{8BC9CEB8-8B4A-11D0-8D11-00A0C91BC942}") = "CveCheck", "CveCheck\CveCheck.vcxproj", "{FCCBA2F6-B17C-435C-81AF-39C5D0321119}"
EndProject
Project("{8BC9CEB8-8B4A-11D0-8D11-00A0C91BC942}") = "CveServer", "CveServer\CveServer.vcxproj", "{F99166BB-FEF1-48A4-A273-BE2E391598E9}"
	ProjectSection(ProjectDependencies) = postProject
		{5233E37E-4D5C-4EC7-B0E1-4F9E1807BCC3} = {5233E37E-4D5C-4EC7-B0E1-4F9E1807BCC3}
	EndProjectSection
EndProject
Project("{8BC9CEB8-8B4A-11D0-8D11-00A0C91BC942}") = "alpc", "alpc\alpc.vcxproj", "{5233E37E-4D5C-4EC7-B0E1-4F9E1807BCC3}"
EndProject
Project("{8BC9CEB8-8B4A-11D0-8D11-00A0C91BC942}") = "DuiLib", "DuiLib\DuiLib.vcxproj", "{E106ACD7-4E53-4AEE-942B-D0DD426DB34E}"
EndProject
Project("{8BC9CEB8-8B4A-11D0-8D11-00A0C91BC942}") = "CveCheckUI", "CveCheckUI\CveCheckUI.vcxproj", "{85AE5F07-41F7-4C46-AB5A-F1901C86EF14}"
EndProject
Project("{8BC9CEB8-8B4A-11D0-8D11-00A0C91BC942}") = "HideRuns", "HideRuns\HideRuns.vcxproj", "{DC42A9B6-6DB9-4DB0-9626-B56460FACC10}"
EndProject
Global
	GlobalSection(SolutionConfigurationPlatforms) = preSolution
		Debug|ARM = Debug|ARM
		Debug|ARM64 = Debug|ARM64
		Debug|x64 = Debug|x64
		Debug|x86 = Debug|x86
		DebugA|ARM = DebugA|ARM
		DebugA|ARM64 = DebugA|ARM64
		DebugA|x64 = DebugA|x64
		DebugA|x86 = DebugA|x86
		Release|ARM = Release|ARM
		Release|ARM64 = Release|ARM64
		Release|x64 = Release|x64
		Release|x86 = Release|x86
		ReleaseA|ARM = ReleaseA|ARM
		ReleaseA|ARM64 = ReleaseA|ARM64
		ReleaseA|x64 = ReleaseA|x64
		ReleaseA|x86 = ReleaseA|x86
		SDebug|ARM = SDebug|ARM
		SDebug|ARM64 = SDebug|ARM64
		SDebug|x64 = SDebug|x64
		SDebug|x86 = SDebug|x86
		SDebugA|ARM = SDebugA|ARM
		SDebugA|ARM64 = SDebugA|ARM64
		SDebugA|x64 = SDebugA|x64
		SDebugA|x86 = SDebugA|x86
		SRelease|ARM = SRelease|ARM
		SRelease|ARM64 = SRelease|ARM64
		SRelease|x64 = SRelease|x64
		SRelease|x86 = SRelease|x86
		SReleaseA|ARM = SReleaseA|ARM
		SReleaseA|ARM64 = SReleaseA|ARM64
		SReleaseA|x64 = SReleaseA|x64
		SReleaseA|x86 = SReleaseA|x86
	EndGlobalSection
	GlobalSection(ProjectConfigurationPlatforms) = postSolution
		{CFB7E59A-AB36-4B24-B28E-D34537FC1DAA}.Debug|ARM.ActiveCfg = Debug|ARM
		{CFB7E59A-AB36-4B24-B28E-D34537FC1DAA}.Debug|ARM.Build.0 = Debug|ARM
		{CFB7E59A-AB36-4B24-B28E-D34537FC1DAA}.Debug|ARM.Deploy.0 = Debug|ARM
		{CFB7E59A-AB36-4B24-B28E-D34537FC1DAA}.Debug|ARM64.ActiveCfg = Debug|ARM64
		{CFB7E59A-AB36-4B24-B28E-D34537FC1DAA}.Debug|ARM64.Build.0 = Debug|ARM64
		{CFB7E59A-AB36-4B24-B28E-D34537FC1DAA}.Debug|ARM64.Deploy.0 = Debug|ARM64
		{CFB7E59A-AB36-4B24-B28E-D34537FC1DAA}.Debug|x64.ActiveCfg = Debug|x64
		{CFB7E59A-AB36-4B24-B28E-D34537FC1DAA}.Debug|x64.Build.0 = Debug|x64
		{CFB7E59A-AB36-4B24-B28E-D34537FC1DAA}.Debug|x64.Deploy.0 = Debug|x64
		{CFB7E59A-AB36-4B24-B28E-D34537FC1DAA}.Debug|x86.ActiveCfg = Debug|Win32
		{CFB7E59A-AB36-4B24-B28E-D34537FC1DAA}.Debug|x86.Build.0 = Debug|Win32
		{CFB7E59A-AB36-4B24-B28E-D34537FC1DAA}.Debug|x86.Deploy.0 = Debug|Win32
		{CFB7E59A-AB36-4B24-B28E-D34537FC1DAA}.DebugA|ARM.ActiveCfg = Debug|ARM
		{CFB7E59A-AB36-4B24-B28E-D34537FC1DAA}.DebugA|ARM.Build.0 = Debug|ARM
		{CFB7E59A-AB36-4B24-B28E-D34537FC1DAA}.DebugA|ARM.Deploy.0 = Debug|ARM
		{CFB7E59A-AB36-4B24-B28E-D34537FC1DAA}.DebugA|ARM64.ActiveCfg = Debug|ARM64
		{CFB7E59A-AB36-4B24-B28E-D34537FC1DAA}.DebugA|ARM64.Build.0 = Debug|ARM64
		{CFB7E59A-AB36-4B24-B28E-D34537FC1DAA}.DebugA|ARM64.Deploy.0 = Debug|ARM64
		{CFB7E59A-AB36-4B24-B28E-D34537FC1DAA}.DebugA|x64.ActiveCfg = Debug|x64
		{CFB7E59A-AB36-4B24-B28E-D34537FC1DAA}.DebugA|x64.Build.0 = Debug|x64
		{CFB7E59A-AB36-4B24-B28E-D34537FC1DAA}.DebugA|x64.Deploy.0 = Debug|x64
		{CFB7E59A-AB36-4B24-B28E-D34537FC1DAA}.DebugA|x86.ActiveCfg = Debug|Win32
		{CFB7E59A-AB36-4B24-B28E-D34537FC1DAA}.DebugA|x86.Build.0 = Debug|Win32
		{CFB7E59A-AB36-4B24-B28E-D34537FC1DAA}.DebugA|x86.Deploy.0 = Debug|Win32
		{CFB7E59A-AB36-4B24-B28E-D34537FC1DAA}.Release|ARM.ActiveCfg = Release|ARM
		{CFB7E59A-AB36-4B24-B28E-D34537FC1DAA}.Release|ARM.Build.0 = Release|ARM
		{CFB7E59A-AB36-4B24-B28E-D34537FC1DAA}.Release|ARM.Deploy.0 = Release|ARM
		{CFB7E59A-AB36-4B24-B28E-D34537FC1DAA}.Release|ARM64.ActiveCfg = Release|ARM64
		{CFB7E59A-AB36-4B24-B28E-D34537FC1DAA}.Release|ARM64.Build.0 = Release|ARM64
		{CFB7E59A-AB36-4B24-B28E-D34537FC1DAA}.Release|ARM64.Deploy.0 = Release|ARM64
		{CFB7E59A-AB36-4B24-B28E-D34537FC1DAA}.Release|x64.ActiveCfg = Release|x64
		{CFB7E59A-AB36-4B24-B28E-D34537FC1DAA}.Release|x64.Build.0 = Release|x64
		{CFB7E59A-AB36-4B24-B28E-D34537FC1DAA}.Release|x64.Deploy.0 = Release|x64
		{CFB7E59A-AB36-4B24-B28E-D34537FC1DAA}.Release|x86.ActiveCfg = Release|Win32
		{CFB7E59A-AB36-4B24-B28E-D34537FC1DAA}.Release|x86.Build.0 = Release|Win32
		{CFB7E59A-AB36-4B24-B28E-D34537FC1DAA}.Release|x86.Deploy.0 = Release|Win32
		{CFB7E59A-AB36-4B24-B28E-D34537FC1DAA}.ReleaseA|ARM.ActiveCfg = Release|ARM
		{CFB7E59A-AB36-4B24-B28E-D34537FC1DAA}.ReleaseA|ARM.Build.0 = Release|ARM
		{CFB7E59A-AB36-4B24-B28E-D34537FC1DAA}.ReleaseA|ARM.Deploy.0 = Release|ARM
		{CFB7E59A-AB36-4B24-B28E-D34537FC1DAA}.ReleaseA|ARM64.ActiveCfg = Release|ARM64
		{CFB7E59A-AB36-4B24-B28E-D34537FC1DAA}.ReleaseA|ARM64.Build.0 = Release|ARM64
		{CFB7E59A-AB36-4B24-B28E-D34537FC1DAA}.ReleaseA|ARM64.Deploy.0 = Release|ARM64
		{CFB7E59A-AB36-4B24-B28E-D34537FC1DAA}.ReleaseA|x64.ActiveCfg = Release|x64
		{CFB7E59A-AB36-4B24-B28E-D34537FC1DAA}.ReleaseA|x64.Build.0 = Release|x64
		{CFB7E59A-AB36-4B24-B28E-D34537FC1DAA}.ReleaseA|x64.Deploy.0 = Release|x64
		{CFB7E59A-AB36-4B24-B28E-D34537FC1DAA}.ReleaseA|x86.ActiveCfg = Release|Win32
		{CFB7E59A-AB36-4B24-B28E-D34537FC1DAA}.ReleaseA|x86.Build.0 = Release|Win32
		{CFB7E59A-AB36-4B24-B28E-D34537FC1DAA}.ReleaseA|x86.Deploy.0 = Release|Win32
		{CFB7E59A-AB36-4B24-B28E-D34537FC1DAA}.SDebug|ARM.ActiveCfg = Debug|ARM
		{CFB7E59A-AB36-4B24-B28E-D34537FC1DAA}.SDebug|ARM.Build.0 = Debug|ARM
		{CFB7E59A-AB36-4B24-B28E-D34537FC1DAA}.SDebug|ARM.Deploy.0 = Debug|ARM
		{CFB7E59A-AB36-4B24-B28E-D34537FC1DAA}.SDebug|ARM64.ActiveCfg = Debug|ARM64
		{CFB7E59A-AB36-4B24-B28E-D34537FC1DAA}.SDebug|ARM64.Build.0 = Debug|ARM64
		{CFB7E59A-AB36-4B24-B28E-D34537FC1DAA}.SDebug|ARM64.Deploy.0 = Debug|ARM64
		{CFB7E59A-AB36-4B24-B28E-D34537FC1DAA}.SDebug|x64.ActiveCfg = Debug|x64
		{CFB7E59A-AB36-4B24-B28E-D34537FC1DAA}.SDebug|x64.Build.0 = Debug|x64
		{CFB7E59A-AB36-4B24-B28E-D34537FC1DAA}.SDebug|x64.Deploy.0 = Debug|x64
		{CFB7E59A-AB36-4B24-B28E-D34537FC1DAA}.SDebug|x86.ActiveCfg = Debug|Win32
		{CFB7E59A-AB36-4B24-B28E-D34537FC1DAA}.SDebug|x86.Build.0 = Debug|Win32
		{CFB7E59A-AB36-4B24-B28E-D34537FC1DAA}.SDebug|x86.Deploy.0 = Debug|Win32
		{CFB7E59A-AB36-4B24-B28E-D34537FC1DAA}.SDebugA|ARM.ActiveCfg = Debug|ARM
		{CFB7E59A-AB36-4B24-B28E-D34537FC1DAA}.SDebugA|ARM.Build.0 = Debug|ARM
		{CFB7E59A-AB36-4B24-B28E-D34537FC1DAA}.SDebugA|ARM.Deploy.0 = Debug|ARM
		{CFB7E59A-AB36-4B24-B28E-D34537FC1DAA}.SDebugA|ARM64.ActiveCfg = Debug|ARM64
		{CFB7E59A-AB36-4B24-B28E-D34537FC1DAA}.SDebugA|ARM64.Build.0 = Debug|ARM64
		{CFB7E59A-AB36-4B24-B28E-D34537FC1DAA}.SDebugA|ARM64.Deploy.0 = Debug|ARM64
		{CFB7E59A-AB36-4B24-B28E-D34537FC1DAA}.SDebugA|x64.ActiveCfg = Debug|x64
		{CFB7E59A-AB36-4B24-B28E-D34537FC1DAA}.SDebugA|x64.Build.0 = Debug|x64
		{CFB7E59A-AB36-4B24-B28E-D34537FC1DAA}.SDebugA|x64.Deploy.0 = Debug|x64
		{CFB7E59A-AB36-4B24-B28E-D34537FC1DAA}.SDebugA|x86.ActiveCfg = Debug|Win32
		{CFB7E59A-AB36-4B24-B28E-D34537FC1DAA}.SDebugA|x86.Build.0 = Debug|Win32
		{CFB7E59A-AB36-4B24-B28E-D34537FC1DAA}.SDebugA|x86.Deploy.0 = Debug|Win32
		{CFB7E59A-AB36-4B24-B28E-D34537FC1DAA}.SRelease|ARM.ActiveCfg = Release|ARM
		{CFB7E59A-AB36-4B24-B28E-D34537FC1DAA}.SRelease|ARM.Build.0 = Release|ARM
		{CFB7E59A-AB36-4B24-B28E-D34537FC1DAA}.SRelease|ARM.Deploy.0 = Release|ARM
		{CFB7E59A-AB36-4B24-B28E-D34537FC1DAA}.SRelease|ARM64.ActiveCfg = Release|ARM64
		{CFB7E59A-AB36-4B24-B28E-D34537FC1DAA}.SRelease|ARM64.Build.0 = Release|ARM64
		{CFB7E59A-AB36-4B24-B28E-D34537FC1DAA}.SRelease|ARM64.Deploy.0 = Release|ARM64
		{CFB7E59A-AB36-4B24-B28E-D34537FC1DAA}.SRelease|x64.ActiveCfg = Release|x64
		{CFB7E59A-AB36-4B24-B28E-D34537FC1DAA}.SRelease|x64.Build.0 = Release|x64
		{CFB7E59A-AB36-4B24-B28E-D34537FC1DAA}.SRelease|x64.Deploy.0 = Release|x64
		{CFB7E59A-AB36-4B24-B28E-D34537FC1DAA}.SRelease|x86.ActiveCfg = Release|Win32
		{CFB7E59A-AB36-4B24-B28E-D34537FC1DAA}.SRelease|x86.Build.0 = Release|Win32
		{CFB7E59A-AB36-4B24-B28E-D34537FC1DAA}.SRelease|x86.Deploy.0 = Release|Win32
		{CFB7E59A-AB36-4B24-B28E-D34537FC1DAA}.SReleaseA|ARM.ActiveCfg = Release|ARM
		{CFB7E59A-AB36-4B24-B28E-D34537FC1DAA}.SReleaseA|ARM.Build.0 = Release|ARM
		{CFB7E59A-AB36-4B24-B28E-D34537FC1DAA}.SReleaseA|ARM.Deploy.0 = Release|ARM
		{CFB7E59A-AB36-4B24-B28E-D34537FC1DAA}.SReleaseA|ARM64.ActiveCfg = Release|ARM64
		{CFB7E59A-AB36-4B24-B28E-D34537FC1DAA}.SReleaseA|ARM64.Build.0 = Release|ARM64
		{CFB7E59A-AB36-4B24-B28E-D34537FC1DAA}.SReleaseA|ARM64.Deploy.0 = Release|ARM64
		{CFB7E59A-AB36-4B24-B28E-D34537FC1DAA}.SReleaseA|x64.ActiveCfg = Release|x64
		{CFB7E59A-AB36-4B24-B28E-D34537FC1DAA}.SReleaseA|x64.Build.0 = Release|x64
		{CFB7E59A-AB36-4B24-B28E-D34537FC1DAA}.SReleaseA|x64.Deploy.0 = Release|x64
		{CFB7E59A-AB36-4B24-B28E-D34537FC1DAA}.SReleaseA|x86.ActiveCfg = Release|Win32
		{CFB7E59A-AB36-4B24-B28E-D34537FC1DAA}.SReleaseA|x86.Build.0 = Release|Win32
		{CFB7E59A-AB36-4B24-B28E-D34537FC1DAA}.SReleaseA|x86.Deploy.0 = Release|Win32
		{FCCBA2F6-B17C-435C-81AF-39C5D0321119}.Debug|ARM.ActiveCfg = Debug|Win32
		{FCCBA2F6-B17C-435C-81AF-39C5D0321119}.Debug|ARM64.ActiveCfg = Debug|Win32
		{FCCBA2F6-B17C-435C-81AF-39C5D0321119}.Debug|x64.ActiveCfg = Debug|x64
		{FCCBA2F6-B17C-435C-81AF-39C5D0321119}.Debug|x64.Build.0 = Debug|x64
		{FCCBA2F6-B17C-435C-81AF-39C5D0321119}.Debug|x86.ActiveCfg = Debug|Win32
		{FCCBA2F6-B17C-435C-81AF-39C5D0321119}.Debug|x86.Build.0 = Debug|Win32
		{FCCBA2F6-B17C-435C-81AF-39C5D0321119}.DebugA|ARM.ActiveCfg = Release|x64
		{FCCBA2F6-B17C-435C-81AF-39C5D0321119}.DebugA|ARM.Build.0 = Release|x64
		{FCCBA2F6-B17C-435C-81AF-39C5D0321119}.DebugA|ARM64.ActiveCfg = Release|x64
		{FCCBA2F6-B17C-435C-81AF-39C5D0321119}.DebugA|ARM64.Build.0 = Release|x64
		{FCCBA2F6-B17C-435C-81AF-39C5D0321119}.DebugA|x64.ActiveCfg = Debug|x64
		{FCCBA2F6-B17C-435C-81AF-39C5D0321119}.DebugA|x64.Build.0 = Debug|x64
		{FCCBA2F6-B17C-435C-81AF-39C5D0321119}.DebugA|x86.ActiveCfg = Debug|Win32
		{FCCBA2F6-B17C-435C-81AF-39C5D0321119}.DebugA|x86.Build.0 = Debug|Win32
		{FCCBA2F6-B17C-435C-81AF-39C5D0321119}.Release|ARM.ActiveCfg = Release|Win32
		{FCCBA2F6-B17C-435C-81AF-39C5D0321119}.Release|ARM64.ActiveCfg = Release|Win32
		{FCCBA2F6-B17C-435C-81AF-39C5D0321119}.Release|x64.ActiveCfg = Release|x64
		{FCCBA2F6-B17C-435C-81AF-39C5D0321119}.Release|x64.Build.0 = Release|x64
		{FCCBA2F6-B17C-435C-81AF-39C5D0321119}.Release|x86.ActiveCfg = Release|Win32
		{FCCBA2F6-B17C-435C-81AF-39C5D0321119}.Release|x86.Build.0 = Release|Win32
		{FCCBA2F6-B17C-435C-81AF-39C5D0321119}.ReleaseA|ARM.ActiveCfg = Release|x64
		{FCCBA2F6-B17C-435C-81AF-39C5D0321119}.ReleaseA|ARM.Build.0 = Release|x64
		{FCCBA2F6-B17C-435C-81AF-39C5D0321119}.ReleaseA|ARM64.ActiveCfg = Release|x64
		{FCCBA2F6-B17C-435C-81AF-39C5D0321119}.ReleaseA|ARM64.Build.0 = Release|x64
		{FCCBA2F6-B17C-435C-81AF-39C5D0321119}.ReleaseA|x64.ActiveCfg = Release|x64
		{FCCBA2F6-B17C-435C-81AF-39C5D0321119}.ReleaseA|x64.Build.0 = Release|x64
		{FCCBA2F6-B17C-435C-81AF-39C5D0321119}.ReleaseA|x86.ActiveCfg = Release|Win32
		{FCCBA2F6-B17C-435C-81AF-39C5D0321119}.ReleaseA|x86.Build.0 = Release|Win32
		{FCCBA2F6-B17C-435C-81AF-39C5D0321119}.SDebug|ARM.ActiveCfg = Release|x64
		{FCCBA2F6-B17C-435C-81AF-39C5D0321119}.SDebug|ARM.Build.0 = Release|x64
		{FCCBA2F6-B17C-435C-81AF-39C5D0321119}.SDebug|ARM64.ActiveCfg = Release|x64
		{FCCBA2F6-B17C-435C-81AF-39C5D0321119}.SDebug|ARM64.Build.0 = Release|x64
		{FCCBA2F6-B17C-435C-81AF-39C5D0321119}.SDebug|x64.ActiveCfg = Debug|x64
		{FCCBA2F6-B17C-435C-81AF-39C5D0321119}.SDebug|x64.Build.0 = Debug|x64
		{FCCBA2F6-B17C-435C-81AF-39C5D0321119}.SDebug|x86.ActiveCfg = Debug|Win32
		{FCCBA2F6-B17C-435C-81AF-39C5D0321119}.SDebug|x86.Build.0 = Debug|Win32
		{FCCBA2F6-B17C-435C-81AF-39C5D0321119}.SDebugA|ARM.ActiveCfg = Release|x64
		{FCCBA2F6-B17C-435C-81AF-39C5D0321119}.SDebugA|ARM.Build.0 = Release|x64
		{FCCBA2F6-B17C-435C-81AF-39C5D0321119}.SDebugA|ARM64.ActiveCfg = Release|x64
		{FCCBA2F6-B17C-435C-81AF-39C5D0321119}.SDebugA|ARM64.Build.0 = Release|x64
		{FCCBA2F6-B17C-435C-81AF-39C5D0321119}.SDebugA|x64.ActiveCfg = Debug|x64
		{FCCBA2F6-B17C-435C-81AF-39C5D0321119}.SDebugA|x64.Build.0 = Debug|x64
		{FCCBA2F6-B17C-435C-81AF-39C5D0321119}.SDebugA|x86.ActiveCfg = Debug|Win32
		{FCCBA2F6-B17C-435C-81AF-39C5D0321119}.SDebugA|x86.Build.0 = Debug|Win32
		{FCCBA2F6-B17C-435C-81AF-39C5D0321119}.SRelease|ARM.ActiveCfg = Release|x64
		{FCCBA2F6-B17C-435C-81AF-39C5D0321119}.SRelease|ARM.Build.0 = Release|x64
		{FCCBA2F6-B17C-435C-81AF-39C5D0321119}.SRelease|ARM64.ActiveCfg = Release|x64
		{FCCBA2F6-B17C-435C-81AF-39C5D0321119}.SRelease|ARM64.Build.0 = Release|x64
		{FCCBA2F6-B17C-435C-81AF-39C5D0321119}.SRelease|x64.ActiveCfg = Release|x64
		{FCCBA2F6-B17C-435C-81AF-39C5D0321119}.SRelease|x64.Build.0 = Release|x64
		{FCCBA2F6-B17C-435C-81AF-39C5D0321119}.SRelease|x86.ActiveCfg = Release|Win32
		{FCCBA2F6-B17C-435C-81AF-39C5D0321119}.SRelease|x86.Build.0 = Release|Win32
		{FCCBA2F6-B17C-435C-81AF-39C5D0321119}.SReleaseA|ARM.ActiveCfg = Release|x64
		{FCCBA2F6-B17C-435C-81AF-39C5D0321119}.SReleaseA|ARM.Build.0 = Release|x64
		{FCCBA2F6-B17C-435C-81AF-39C5D0321119}.SReleaseA|ARM64.ActiveCfg = Release|x64
		{FCCBA2F6-B17C-435C-81AF-39C5D0321119}.SReleaseA|ARM64.Build.0 = Release|x64
		{FCCBA2F6-B17C-435C-81AF-39C5D0321119}.SReleaseA|x64.ActiveCfg = Release|x64
		{FCCBA2F6-B17C-435C-81AF-39C5D0321119}.SReleaseA|x64.Build.0 = Release|x64
		{FCCBA2F6-B17C-435C-81AF-39C5D0321119}.SReleaseA|x86.ActiveCfg = Release|Win32
		{FCCBA2F6-B17C-435C-81AF-39C5D0321119}.SReleaseA|x86.Build.0 = Release|Win32
		{F99166BB-FEF1-48A4-A273-BE2E391598E9}.Debug|ARM.ActiveCfg = Debug|Win32
		{F99166BB-FEF1-48A4-A273-BE2E391598E9}.Debug|ARM64.ActiveCfg = Debug|Win32
		{F99166BB-FEF1-48A4-A273-BE2E391598E9}.Debug|x64.ActiveCfg = Debug|x64
		{F99166BB-FEF1-48A4-A273-BE2E391598E9}.Debug|x64.Build.0 = Debug|x64
		{F99166BB-FEF1-48A4-A273-BE2E391598E9}.Debug|x86.ActiveCfg = Debug|Win32
		{F99166BB-FEF1-48A4-A273-BE2E391598E9}.Debug|x86.Build.0 = Debug|Win32
		{F99166BB-FEF1-48A4-A273-BE2E391598E9}.DebugA|ARM.ActiveCfg = Release|x64
		{F99166BB-FEF1-48A4-A273-BE2E391598E9}.DebugA|ARM.Build.0 = Release|x64
		{F99166BB-FEF1-48A4-A273-BE2E391598E9}.DebugA|ARM64.ActiveCfg = Release|x64
		{F99166BB-FEF1-48A4-A273-BE2E391598E9}.DebugA|ARM64.Build.0 = Release|x64
		{F99166BB-FEF1-48A4-A273-BE2E391598E9}.DebugA|x64.ActiveCfg = Debug|x64
		{F99166BB-FEF1-48A4-A273-BE2E391598E9}.DebugA|x64.Build.0 = Debug|x64
		{F99166BB-FEF1-48A4-A273-BE2E391598E9}.DebugA|x86.ActiveCfg = Debug|Win32
		{F99166BB-FEF1-48A4-A273-BE2E391598E9}.DebugA|x86.Build.0 = Debug|Win32
		{F99166BB-FEF1-48A4-A273-BE2E391598E9}.Release|ARM.ActiveCfg = Release|Win32
		{F99166BB-FEF1-48A4-A273-BE2E391598E9}.Release|ARM64.ActiveCfg = Release|Win32
		{F99166BB-FEF1-48A4-A273-BE2E391598E9}.Release|x64.ActiveCfg = Release|x64
		{F99166BB-FEF1-48A4-A273-BE2E391598E9}.Release|x64.Build.0 = Release|x64
		{F99166BB-FEF1-48A4-A273-BE2E391598E9}.Release|x86.ActiveCfg = Release|Win32
		{F99166BB-FEF1-48A4-A273-BE2E391598E9}.Release|x86.Build.0 = Release|Win32
		{F99166BB-FEF1-48A4-A273-BE2E391598E9}.ReleaseA|ARM.ActiveCfg = Release|x64
		{F99166BB-FEF1-48A4-A273-BE2E391598E9}.ReleaseA|ARM.Build.0 = Release|x64
		{F99166BB-FEF1-48A4-A273-BE2E391598E9}.ReleaseA|ARM64.ActiveCfg = Release|x64
		{F99166BB-FEF1-48A4-A273-BE2E391598E9}.ReleaseA|ARM64.Build.0 = Release|x64
		{F99166BB-FEF1-48A4-A273-BE2E391598E9}.ReleaseA|x64.ActiveCfg = Release|x64
		{F99166BB-FEF1-48A4-A273-BE2E391598E9}.ReleaseA|x64.Build.0 = Release|x64
		{F99166BB-FEF1-48A4-A273-BE2E391598E9}.ReleaseA|x86.ActiveCfg = Release|Win32
		{F99166BB-FEF1-48A4-A273-BE2E391598E9}.ReleaseA|x86.Build.0 = Release|Win32
		{F99166BB-FEF1-48A4-A273-BE2E391598E9}.SDebug|ARM.ActiveCfg = Release|x64
		{F99166BB-FEF1-48A4-A273-BE2E391598E9}.SDebug|ARM.Build.0 = Release|x64
		{F99166BB-FEF1-48A4-A273-BE2E391598E9}.SDebug|ARM64.ActiveCfg = Release|x64
		{F99166BB-FEF1-48A4-A273-BE2E391598E9}.SDebug|ARM64.Build.0 = Release|x64
		{F99166BB-FEF1-48A4-A273-BE2E391598E9}.SDebug|x64.ActiveCfg = Debug|x64
		{F99166BB-FEF1-48A4-A273-BE2E391598E9}.SDebug|x64.Build.0 = Debug|x64
		{F99166BB-FEF1-48A4-A273-BE2E391598E9}.SDebug|x86.ActiveCfg = Debug|Win32
		{F99166BB-FEF1-48A4-A273-BE2E391598E9}.SDebug|x86.Build.0 = Debug|Win32
		{F99166BB-FEF1-48A4-A273-BE2E391598E9}.SDebugA|ARM.ActiveCfg = Release|x64
		{F99166BB-FEF1-48A4-A273-BE2E391598E9}.SDebugA|ARM.Build.0 = Release|x64
		{F99166BB-FEF1-48A4-A273-BE2E391598E9}.SDebugA|ARM64.ActiveCfg = Release|x64
		{F99166BB-FEF1-48A4-A273-BE2E391598E9}.SDebugA|ARM64.Build.0 = Release|x64
		{F99166BB-FEF1-48A4-A273-BE2E391598E9}.SDebugA|x64.ActiveCfg = Debug|x64
		{F99166BB-FEF1-48A4-A273-BE2E391598E9}.SDebugA|x64.Build.0 = Debug|x64
		{F99166BB-FEF1-48A4-A273-BE2E391598E9}.SDebugA|x86.ActiveCfg = Debug|Win32
		{F99166BB-FEF1-48A4-A273-BE2E391598E9}.SDebugA|x86.Build.0 = Debug|Win32
		{F99166BB-FEF1-48A4-A273-BE2E391598E9}.SRelease|ARM.ActiveCfg = Release|x64
		{F99166BB-FEF1-48A4-A273-BE2E391598E9}.SRelease|ARM.Build.0 = Release|x64
		{F99166BB-FEF1-48A4-A273-BE2E391598E9}.SRelease|ARM64.ActiveCfg = Release|x64
		{F99166BB-FEF1-48A4-A273-BE2E391598E9}.SRelease|ARM64.Build.0 = Release|x64
		{F99166BB-FEF1-48A4-A273-BE2E391598E9}.SRelease|x64.ActiveCfg = Release|x64
		{F99166BB-FEF1-48A4-A273-BE2E391598E9}.SRelease|x64.Build.0 = Release|x64
		{F99166BB-FEF1-48A4-A273-BE2E391598E9}.SRelease|x86.ActiveCfg = Release|Win32
		{F99166BB-FEF1-48A4-A273-BE2E391598E9}.SRelease|x86.Build.0 = Release|Win32
		{F99166BB-FEF1-48A4-A273-BE2E391598E9}.SReleaseA|ARM.ActiveCfg = Release|x64
		{F99166BB-FEF1-48A4-A273-BE2E391598E9}.SReleaseA|ARM.Build.0 = Release|x64
		{F99166BB-FEF1-48A4-A273-BE2E391598E9}.SReleaseA|ARM64.ActiveCfg = Release|x64
		{F99166BB-FEF1-48A4-A273-BE2E391598E9}.SReleaseA|ARM64.Build.0 = Release|x64
		{F99166BB-FEF1-48A4-A273-BE2E391598E9}.SReleaseA|x64.ActiveCfg = Release|x64
		{F99166BB-FEF1-48A4-A273-BE2E391598E9}.SReleaseA|x64.Build.0 = Release|x64
		{F99166BB-FEF1-48A4-A273-BE2E391598E9}.SReleaseA|x86.ActiveCfg = Release|Win32
		{F99166BB-FEF1-48A4-A273-BE2E391598E9}.SReleaseA|x86.Build.0 = Release|Win32
		{5233E37E-4D5C-4EC7-B0E1-4F9E1807BCC3}.Debug|ARM.ActiveCfg = Debug|Win32
		{5233E37E-4D5C-4EC7-B0E1-4F9E1807BCC3}.Debug|ARM64.ActiveCfg = Debug|Win32
		{5233E37E-4D5C-4EC7-B0E1-4F9E1807BCC3}.Debug|x64.ActiveCfg = Debug|x64
		{5233E37E-4D5C-4EC7-B0E1-4F9E1807BCC3}.Debug|x64.Build.0 = Debug|x64
		{5233E37E-4D5C-4EC7-B0E1-4F9E1807BCC3}.Debug|x86.ActiveCfg = Debug|Win32
		{5233E37E-4D5C-4EC7-B0E1-4F9E1807BCC3}.Debug|x86.Build.0 = Debug|Win32
		{5233E37E-4D5C-4EC7-B0E1-4F9E1807BCC3}.DebugA|ARM.ActiveCfg = Release|x64
		{5233E37E-4D5C-4EC7-B0E1-4F9E1807BCC3}.DebugA|ARM.Build.0 = Release|x64
		{5233E37E-4D5C-4EC7-B0E1-4F9E1807BCC3}.DebugA|ARM64.ActiveCfg = Release|x64
		{5233E37E-4D5C-4EC7-B0E1-4F9E1807BCC3}.DebugA|ARM64.Build.0 = Release|x64
		{5233E37E-4D5C-4EC7-B0E1-4F9E1807BCC3}.DebugA|x64.ActiveCfg = Debug|x64
		{5233E37E-4D5C-4EC7-B0E1-4F9E1807BCC3}.DebugA|x64.Build.0 = Debug|x64
		{5233E37E-4D5C-4EC7-B0E1-4F9E1807BCC3}.DebugA|x86.ActiveCfg = Debug|Win32
		{5233E37E-4D5C-4EC7-B0E1-4F9E1807BCC3}.DebugA|x86.Build.0 = Debug|Win32
		{5233E37E-4D5C-4EC7-B0E1-4F9E1807BCC3}.Release|ARM.ActiveCfg = Release|Win32
		{5233E37E-4D5C-4EC7-B0E1-4F9E1807BCC3}.Release|ARM64.ActiveCfg = Release|Win32
		{5233E37E-4D5C-4EC7-B0E1-4F9E1807BCC3}.Release|x64.ActiveCfg = Release|x64
		{5233E37E-4D5C-4EC7-B0E1-4F9E1807BCC3}.Release|x64.Build.0 = Release|x64
		{5233E37E-4D5C-4EC7-B0E1-4F9E1807BCC3}.Release|x86.ActiveCfg = Release|Win32
		{5233E37E-4D5C-4EC7-B0E1-4F9E1807BCC3}.Release|x86.Build.0 = Release|Win32
		{5233E37E-4D5C-4EC7-B0E1-4F9E1807BCC3}.ReleaseA|ARM.ActiveCfg = Release|x64
		{5233E37E-4D5C-4EC7-B0E1-4F9E1807BCC3}.ReleaseA|ARM.Build.0 = Release|x64
		{5233E37E-4D5C-4EC7-B0E1-4F9E1807BCC3}.ReleaseA|ARM64.ActiveCfg = Release|x64
		{5233E37E-4D5C-4EC7-B0E1-4F9E1807BCC3}.ReleaseA|ARM64.Build.0 = Release|x64
		{5233E37E-4D5C-4EC7-B0E1-4F9E1807BCC3}.ReleaseA|x64.ActiveCfg = Release|x64
		{5233E37E-4D5C-4EC7-B0E1-4F9E1807BCC3}.ReleaseA|x64.Build.0 = Release|x64
		{5233E37E-4D5C-4EC7-B0E1-4F9E1807BCC3}.ReleaseA|x86.ActiveCfg = Release|Win32
		{5233E37E-4D5C-4EC7-B0E1-4F9E1807BCC3}.ReleaseA|x86.Build.0 = Release|Win32
		{5233E37E-4D5C-4EC7-B0E1-4F9E1807BCC3}.SDebug|ARM.ActiveCfg = Release|x64
		{5233E37E-4D5C-4EC7-B0E1-4F9E1807BCC3}.SDebug|ARM.Build.0 = Release|x64
		{5233E37E-4D5C-4EC7-B0E1-4F9E1807BCC3}.SDebug|ARM64.ActiveCfg = Release|x64
		{5233E37E-4D5C-4EC7-B0E1-4F9E1807BCC3}.SDebug|ARM64.Build.0 = Release|x64
		{5233E37E-4D5C-4EC7-B0E1-4F9E1807BCC3}.SDebug|x64.ActiveCfg = Debug|x64
		{5233E37E-4D5C-4EC7-B0E1-4F9E1807BCC3}.SDebug|x64.Build.0 = Debug|x64
		{5233E37E-4D5C-4EC7-B0E1-4F9E1807BCC3}.SDebug|x86.ActiveCfg = Debug|Win32
		{5233E37E-4D5C-4EC7-B0E1-4F9E1807BCC3}.SDebug|x86.Build.0 = Debug|Win32
		{5233E37E-4D5C-4EC7-B0E1-4F9E1807BCC3}.SDebugA|ARM.ActiveCfg = Release|x64
		{5233E37E-4D5C-4EC7-B0E1-4F9E1807BCC3}.SDebugA|ARM.Build.0 = Release|x64
		{5233E37E-4D5C-4EC7-B0E1-4F9E1807BCC3}.SDebugA|ARM64.ActiveCfg = Release|x64
		{5233E37E-4D5C-4EC7-B0E1-4F9E1807BCC3}.SDebugA|ARM64.Build.0 = Release|x64
		{5233E37E-4D5C-4EC7-B0E1-4F9E1807BCC3}.SDebugA|x64.ActiveCfg = Debug|x64
		{5233E37E-4D5C-4EC7-B0E1-4F9E1807BCC3}.SDebugA|x64.Build.0 = Debug|x64
		{5233E37E-4D5C-4EC7-B0E1-4F9E1807BCC3}.SDebugA|x86.ActiveCfg = Debug|Win32
		{5233E37E-4D5C-4EC7-B0E1-4F9E1807BCC3}.SDebugA|x86.Build.0 = Debug|Win32
		{5233E37E-4D5C-4EC7-B0E1-4F9E1807BCC3}.SRelease|ARM.ActiveCfg = Release|x64
		{5233E37E-4D5C-4EC7-B0E1-4F9E1807BCC3}.SRelease|ARM.Build.0 = Release|x64
		{5233E37E-4D5C-4EC7-B0E1-4F9E1807BCC3}.SRelease|ARM64.ActiveCfg = Release|x64
		{5233E37E-4D5C-4EC7-B0E1-4F9E1807BCC3}.SRelease|ARM64.Build.0 = Release|x64
		{5233E37E-4D5C-4EC7-B0E1-4F9E1807BCC3}.SRelease|x64.ActiveCfg = Release|x64
		{5233E37E-4D5C-4EC7-B0E1-4F9E1807BCC3}.SRelease|x64.Build.0 = Release|x64
		{5233E37E-4D5C-4EC7-B0E1-4F9E1807BCC3}.SRelease|x86.ActiveCfg = Release|Win32
		{5233E37E-4D5C-4EC7-B0E1-4F9E1807BCC3}.SRelease|x86.Build.0 = Release|Win32
		{5233E37E-4D5C-4EC7-B0E1-4F9E1807BCC3}.SReleaseA|ARM.ActiveCfg = Release|x64
		{5233E37E-4D5C-4EC7-B0E1-4F9E1807BCC3}.SReleaseA|ARM.Build.0 = Release|x64
		{5233E37E-4D5C-4EC7-B0E1-4F9E1807BCC3}.SReleaseA|ARM64.ActiveCfg = Release|x64
		{5233E37E-4D5C-4EC7-B0E1-4F9E1807BCC3}.SReleaseA|ARM64.Build.0 = Release|x64
		{5233E37E-4D5C-4EC7-B0E1-4F9E1807BCC3}.SReleaseA|x64.ActiveCfg = Release|x64
		{5233E37E-4D5C-4EC7-B0E1-4F9E1807BCC3}.SReleaseA|x64.Build.0 = Release|x64
		{5233E37E-4D5C-4EC7-B0E1-4F9E1807BCC3}.SReleaseA|x86.ActiveCfg = Release|Win32
		{5233E37E-4D5C-4EC7-B0E1-4F9E1807BCC3}.SReleaseA|x86.Build.0 = Release|Win32
		{E106ACD7-4E53-4AEE-942B-D0DD426DB34E}.Debug|ARM.ActiveCfg = Debug|Win32
		{E106ACD7-4E53-4AEE-942B-D0DD426DB34E}.Debug|ARM64.ActiveCfg = Debug|Win32
		{E106ACD7-4E53-4AEE-942B-D0DD426DB34E}.Debug|x64.ActiveCfg = Debug|x64
		{E106ACD7-4E53-4AEE-942B-D0DD426DB34E}.Debug|x64.Build.0 = Debug|x64
		{E106ACD7-4E53-4AEE-942B-D0DD426DB34E}.Debug|x86.ActiveCfg = Debug|Win32
		{E106ACD7-4E53-4AEE-942B-D0DD426DB34E}.Debug|x86.Build.0 = Debug|Win32
		{E106ACD7-4E53-4AEE-942B-D0DD426DB34E}.DebugA|ARM.ActiveCfg = DebugA|Win32
		{E106ACD7-4E53-4AEE-942B-D0DD426DB34E}.DebugA|ARM64.ActiveCfg = DebugA|Win32
		{E106ACD7-4E53-4AEE-942B-D0DD426DB34E}.DebugA|x64.ActiveCfg = DebugA|x64
		{E106ACD7-4E53-4AEE-942B-D0DD426DB34E}.DebugA|x64.Build.0 = DebugA|x64
		{E106ACD7-4E53-4AEE-942B-D0DD426DB34E}.DebugA|x86.ActiveCfg = DebugA|Win32
		{E106ACD7-4E53-4AEE-942B-D0DD426DB34E}.DebugA|x86.Build.0 = DebugA|Win32
		{E106ACD7-4E53-4AEE-942B-D0DD426DB34E}.Release|ARM.ActiveCfg = Release|Win32
		{E106ACD7-4E53-4AEE-942B-D0DD426DB34E}.Release|ARM64.ActiveCfg = Release|Win32
		{E106ACD7-4E53-4AEE-942B-D0DD426DB34E}.Release|x64.ActiveCfg = Release|x64
		{E106ACD7-4E53-4AEE-942B-D0DD426DB34E}.Release|x64.Build.0 = Release|x64
		{E106ACD7-4E53-4AEE-942B-D0DD426DB34E}.Release|x86.ActiveCfg = Release|Win32
		{E106ACD7-4E53-4AEE-942B-D0DD426DB34E}.Release|x86.Build.0 = Release|Win32
		{E106ACD7-4E53-4AEE-942B-D0DD426DB34E}.ReleaseA|ARM.ActiveCfg = ReleaseA|Win32
		{E106ACD7-4E53-4AEE-942B-D0DD426DB34E}.ReleaseA|ARM64.ActiveCfg = ReleaseA|Win32
		{E106ACD7-4E53-4AEE-942B-D0DD426DB34E}.ReleaseA|x64.ActiveCfg = ReleaseA|x64
		{E106ACD7-4E53-4AEE-942B-D0DD426DB34E}.ReleaseA|x64.Build.0 = ReleaseA|x64
		{E106ACD7-4E53-4AEE-942B-D0DD426DB34E}.ReleaseA|x86.ActiveCfg = ReleaseA|Win32
		{E106ACD7-4E53-4AEE-942B-D0DD426DB34E}.ReleaseA|x86.Build.0 = ReleaseA|Win32
		{E106ACD7-4E53-4AEE-942B-D0DD426DB34E}.SDebug|ARM.ActiveCfg = SDebug|Win32
		{E106ACD7-4E53-4AEE-942B-D0DD426DB34E}.SDebug|ARM64.ActiveCfg = SDebug|Win32
		{E106ACD7-4E53-4AEE-942B-D0DD426DB34E}.SDebug|x64.ActiveCfg = SDebug|x64
		{E106ACD7-4E53-4AEE-942B-D0DD426DB34E}.SDebug|x64.Build.0 = SDebug|x64
		{E106ACD7-4E53-4AEE-942B-D0DD426DB34E}.SDebug|x86.ActiveCfg = SDebug|Win32
		{E106ACD7-4E53-4AEE-942B-D0DD426DB34E}.SDebug|x86.Build.0 = SDebug|Win32
		{E106ACD7-4E53-4AEE-942B-D0DD426DB34E}.SDebugA|ARM.ActiveCfg = SDebugA|Win32
		{E106ACD7-4E53-4AEE-942B-D0DD426DB34E}.SDebugA|ARM64.ActiveCfg = SDebugA|Win32
		{E106ACD7-4E53-4AEE-942B-D0DD426DB34E}.SDebugA|x64.ActiveCfg = SDebugA|x64
		{E106ACD7-4E53-4AEE-942B-D0DD426DB34E}.SDebugA|x64.Build.0 = SDebugA|x64
		{E106ACD7-4E53-4AEE-942B-D0DD426DB34E}.SDebugA|x86.ActiveCfg = SDebugA|Win32
		{E106ACD7-4E53-4AEE-942B-D0DD426DB34E}.SDebugA|x86.Build.0 = SDebugA|Win32
		{E106ACD7-4E53-4AEE-942B-D0DD426DB34E}.SRelease|ARM.ActiveCfg = SRelease|Win32
		{E106ACD7-4E53-4AEE-942B-D0DD426DB34E}.SRelease|ARM64.ActiveCfg = SRelease|Win32
		{E106ACD7-4E53-4AEE-942B-D0DD426DB34E}.SRelease|x64.ActiveCfg = SRelease|x64
		{E106ACD7-4E53-4AEE-942B-D0DD426DB34E}.SRelease|x64.Build.0 = SRelease|x64
		{E106ACD7-4E53-4AEE-942B-D0DD426DB34E}.SRelease|x86.ActiveCfg = SRelease|Win32
		{E106ACD7-4E53-4AEE-942B-D0DD426DB34E}.SRelease|x86.Build.0 = SRelease|Win32
		{E106ACD7-4E53-4AEE-942B-D0DD426DB34E}.SReleaseA|ARM.ActiveCfg = SReleaseA|Win32
		{E106ACD7-4E53-4AEE-942B-D0DD426DB34E}.SReleaseA|ARM64.ActiveCfg = SReleaseA|Win32
		{E106ACD7-4E53-4AEE-942B-D0DD426DB34E}.SReleaseA|x64.ActiveCfg = SReleaseA|x64
		{E106ACD7-4E53-4AEE-942B-D0DD426DB34E}.SReleaseA|x64.Build.0 = SReleaseA|x64
		{E106ACD7-4E53-4AEE-942B-D0DD426DB34E}.SReleaseA|x86.ActiveCfg = SReleaseA|Win32
		{E106ACD7-4E53-4AEE-942B-D0DD426DB34E}.SReleaseA|x86.Build.0 = SReleaseA|Win32
		{85AE5F07-41F7-4C46-AB5A-F1901C86EF14}.Debug|ARM.ActiveCfg = Debug|Win32
		{85AE5F07-41F7-4C46-AB5A-F1901C86EF14}.Debug|ARM64.ActiveCfg = Debug|Win32
		{85AE5F07-41F7-4C46-AB5A-F1901C86EF14}.Debug|x64.ActiveCfg = Debug|x64
		{85AE5F07-41F7-4C46-AB5A-F1901C86EF14}.Debug|x64.Build.0 = Debug|x64
		{85AE5F07-41F7-4C46-AB5A-F1901C86EF14}.Debug|x86.ActiveCfg = Debug|Win32
		{85AE5F07-41F7-4C46-AB5A-F1901C86EF14}.Debug|x86.Build.0 = Debug|Win32
		{85AE5F07-41F7-4C46-AB5A-F1901C86EF14}.DebugA|ARM.ActiveCfg = Release|x64
		{85AE5F07-41F7-4C46-AB5A-F1901C86EF14}.DebugA|ARM.Build.0 = Release|x64
		{85AE5F07-41F7-4C46-AB5A-F1901C86EF14}.DebugA|ARM64.ActiveCfg = Release|x64
		{85AE5F07-41F7-4C46-AB5A-F1901C86EF14}.DebugA|ARM64.Build.0 = Release|x64
		{85AE5F07-41F7-4C46-AB5A-F1901C86EF14}.DebugA|x64.ActiveCfg = Debug|x64
		{85AE5F07-41F7-4C46-AB5A-F1901C86EF14}.DebugA|x64.Build.0 = Debug|x64
		{85AE5F07-41F7-4C46-AB5A-F1901C86EF14}.DebugA|x86.ActiveCfg = Debug|Win32
		{85AE5F07-41F7-4C46-AB5A-F1901C86EF14}.DebugA|x86.Build.0 = Debug|Win32
		{85AE5F07-41F7-4C46-AB5A-F1901C86EF14}.Release|ARM.ActiveCfg = Release|Win32
		{85AE5F07-41F7-4C46-AB5A-F1901C86EF14}.Release|ARM64.ActiveCfg = Release|Win32
		{85AE5F07-41F7-4C46-AB5A-F1901C86EF14}.Release|x64.ActiveCfg = Release|x64
		{85AE5F07-41F7-4C46-AB5A-F1901C86EF14}.Release|x64.Build.0 = Release|x64
		{85AE5F07-41F7-4C46-AB5A-F1901C86EF14}.Release|x86.ActiveCfg = Release|Win32
		{85AE5F07-41F7-4C46-AB5A-F1901C86EF14}.Release|x86.Build.0 = Release|Win32
		{85AE5F07-41F7-4C46-AB5A-F1901C86EF14}.ReleaseA|ARM.ActiveCfg = Release|x64
		{85AE5F07-41F7-4C46-AB5A-F1901C86EF14}.ReleaseA|ARM.Build.0 = Release|x64
		{85AE5F07-41F7-4C46-AB5A-F1901C86EF14}.ReleaseA|ARM64.ActiveCfg = Release|x64
		{85AE5F07-41F7-4C46-AB5A-F1901C86EF14}.ReleaseA|ARM64.Build.0 = Release|x64
		{85AE5F07-41F7-4C46-AB5A-F1901C86EF14}.ReleaseA|x64.ActiveCfg = Release|x64
		{85AE5F07-41F7-4C46-AB5A-F1901C86EF14}.ReleaseA|x64.Build.0 = Release|x64
		{85AE5F07-41F7-4C46-AB5A-F1901C86EF14}.ReleaseA|x86.ActiveCfg = Release|Win32
		{85AE5F07-41F7-4C46-AB5A-F1901C86EF14}.ReleaseA|x86.Build.0 = Release|Win32
		{85AE5F07-41F7-4C46-AB5A-F1901C86EF14}.SDebug|ARM.ActiveCfg = Release|x64
		{85AE5F07-41F7-4C46-AB5A-F1901C86EF14}.SDebug|ARM.Build.0 = Release|x64
		{85AE5F07-41F7-4C46-AB5A-F1901C86EF14}.SDebug|ARM64.ActiveCfg = Release|x64
		{85AE5F07-41F7-4C46-AB5A-F1901C86EF14}.SDebug|ARM64.Build.0 = Release|x64
		{85AE5F07-41F7-4C46-AB5A-F1901C86EF14}.SDebug|x64.ActiveCfg = Debug|x64
		{85AE5F07-41F7-4C46-AB5A-F1901C86EF14}.SDebug|x64.Build.0 = Debug|x64
		{85AE5F07-41F7-4C46-AB5A-F1901C86EF14}.SDebug|x86.ActiveCfg = Debug|Win32
		{85AE5F07-41F7-4C46-AB5A-F1901C86EF14}.SDebug|x86.Build.0 = Debug|Win32
		{85AE5F07-41F7-4C46-AB5A-F1901C86EF14}.SDebugA|ARM.ActiveCfg = Release|x64
		{85AE5F07-41F7-4C46-AB5A-F1901C86EF14}.SDebugA|ARM.Build.0 = Release|x64
		{85AE5F07-41F7-4C46-AB5A-F1901C86EF14}.SDebugA|ARM64.ActiveCfg = Release|x64
		{85AE5F07-41F7-4C46-AB5A-F1901C86EF14}.SDebugA|ARM64.Build.0 = Release|x64
		{85AE5F07-41F7-4C46-AB5A-F1901C86EF14}.SDebugA|x64.ActiveCfg = Debug|x64
		{85AE5F07-41F7-4C46-AB5A-F1901C86EF14}.SDebugA|x64.Build.0 = Debug|x64
		{85AE5F07-41F7-4C46-AB5A-F1901C86EF14}.SDebugA|x86.ActiveCfg = Debug|Win32
		{85AE5F07-41F7-4C46-AB5A-F1901C86EF14}.SDebugA|x86.Build.0 = Debug|Win32
		{85AE5F07-41F7-4C46-AB5A-F1901C86EF14}.SRelease|ARM.ActiveCfg = Release|x64
		{85AE5F07-41F7-4C46-AB5A-F1901C86EF14}.SRelease|ARM.Build.0 = Release|x64
		{85AE5F07-41F7-4C46-AB5A-F1901C86EF14}.SRelease|ARM64.ActiveCfg = Release|x64
		{85AE5F07-41F7-4C46-AB5A-F1901C86EF14}.SRelease|ARM64.Build.0 = Release|x64
		{85AE5F07-41F7-4C46-AB5A-F1901C86EF14}.SRelease|x64.ActiveCfg = Release|x64
		{85AE5F07-41F7-4C46-AB5A-F1901C86EF14}.SRelease|x64.Build.0 = Release|x64
		{85AE5F07-41F7-4C46-AB5A-F1901C86EF14}.SRelease|x86.ActiveCfg = Release|Win32
		{85AE5F07-41F7-4C46-AB5A-F1901C86EF14}.SRelease|x86.Build.0 = Release|Win32
		{85AE5F07-41F7-4C46-AB5A-F1901C86EF14}.SReleaseA|ARM.ActiveCfg = Release|x64
		{85AE5F07-41F7-4C46-AB5A-F1901C86EF14}.SReleaseA|ARM.Build.0 = Release|x64
		{85AE5F07-41F7-4C46-AB5A-F1901C86EF14}.SReleaseA|ARM64.ActiveCfg = Release|x64
		{85AE5F07-41F7-4C46-AB5A-F1901C86EF14}.SReleaseA|ARM64.Build.0 = Release|x64
		{85AE5F07-41F7-4C46-AB5A-F1901C86EF14}.SReleaseA|x64.ActiveCfg = Release|x64
		{85AE5F07-41F7-4C46-AB5A-F1901C86EF14}.SReleaseA|x64.Build.0 = Release|x64
		{85AE5F07-41F7-4C46-AB5A-F1901C86EF14}.SReleaseA|x86.ActiveCfg = Release|Win32
		{85AE5F07-41F7-4C46-AB5A-F1901C86EF14}.SReleaseA|x86.Build.0 = Release|Win32
		{DC42A9B6-6DB9-4DB0-9626-B56460FACC10}.Debug|ARM.ActiveCfg = Debug|ARM
		{DC42A9B6-6DB9-4DB0-9626-B56460FACC10}.Debug|ARM.Build.0 = Debug|ARM
		{DC42A9B6-6DB9-4DB0-9626-B56460FACC10}.Debug|ARM.Deploy.0 = Debug|ARM
		{DC42A9B6-6DB9-4DB0-9626-B56460FACC10}.Debug|ARM64.ActiveCfg = Debug|ARM64
		{DC42A9B6-6DB9-4DB0-9626-B56460FACC10}.Debug|ARM64.Build.0 = Debug|ARM64
		{DC42A9B6-6DB9-4DB0-9626-B56460FACC10}.Debug|ARM64.Deploy.0 = Debug|ARM64
		{DC42A9B6-6DB9-4DB0-9626-B56460FACC10}.Debug|x64.ActiveCfg = Debug|x64
		{DC42A9B6-6DB9-4DB0-9626-B56460FACC10}.Debug|x64.Build.0 = Debug|x64
		{DC42A9B6-6DB9-4DB0-9626-B56460FACC10}.Debug|x64.Deploy.0 = Debug|x64
		{DC42A9B6-6DB9-4DB0-9626-B56460FACC10}.Debug|x86.ActiveCfg = Debug|Win32
		{DC42A9B6-6DB9-4DB0-9626-B56460FACC10}.Debug|x86.Build.0 = Debug|Win32
		{DC42A9B6-6DB9-4DB0-9626-B56460FACC10}.Debug|x86.Deploy.0 = Debug|Win32
		{DC42A9B6-6DB9-4DB0-9626-B56460FACC10}.DebugA|ARM.ActiveCfg = Debug|ARM
		{DC42A9B6-6DB9-4DB0-9626-B56460FACC10}.DebugA|ARM.Build.0 = Debug|ARM
		{DC42A9B6-6DB9-4DB0-9626-B56460FACC10}.DebugA|ARM.Deploy.0 = Debug|ARM
		{DC42A9B6-6DB9-4DB0-9626-B56460FACC10}.DebugA|ARM64.ActiveCfg = Debug|ARM64
		{DC42A9B6-6DB9-4DB0-9626-B56460FACC10}.DebugA|ARM64.Build.0 = Debug|ARM64
		{DC42A9B6-6DB9-4DB0-9626-B56460FACC10}.DebugA|ARM64.Deploy.0 = Debug|ARM64
		{DC42A9B6-6DB9-4DB0-9626-B56460FACC10}.DebugA|x64.ActiveCfg = Debug|x64
		{DC42A9B6-6DB9-4DB0-9626-B56460FACC10}.DebugA|x64.Build.0 = Debug|x64
		{DC42A9B6-6DB9-4DB0-9626-B56460FACC10}.DebugA|x64.Deploy.0 = Debug|x64
		{DC42A9B6-6DB9-4DB0-9626-B56460FACC10}.DebugA|x86.ActiveCfg = Debug|Win32
		{DC42A9B6-6DB9-4DB0-9626-B56460FACC10}.DebugA|x86.Build.0 = Debug|Win32
		{DC42A9B6-6DB9-4DB0-9626-B56460FACC10}.DebugA|x86.Deploy.0 = Debug|Win32
		{DC42A9B6-6DB9-4DB0-9626-B56460FACC10}.Release|ARM.ActiveCfg = Release|ARM
		{DC42A9B6-6DB9-4DB0-9626-B56460FACC10}.Release|ARM.Build.0 = Release|ARM
		{DC42A9B6-6DB9-4DB0-9626-B56460FACC10}.Release|ARM.Deploy.0 = Release|ARM
		{DC42A9B6-6DB9-4DB0-9626-B56460FACC10}.Release|ARM64.ActiveCfg = Release|ARM64
		{DC42A9B6-6DB9-4DB0-9626-B56460FACC10}.Release|ARM64.Build.0 = Release|ARM64
		{DC42A9B6-6DB9-4DB0-9626-B56460FACC10}.Release|ARM64.Deploy.0 = Release|ARM64
		{DC42A9B6-6DB9-4DB0-9626-B56460FACC10}.Release|x64.ActiveCfg = Release|x64
		{DC42A9B6-6DB9-4DB0-9626-B56460FACC10}.Release|x64.Build.0 = Release|x64
		{DC42A9B6-6DB9-4DB0-9626-B56460FACC10}.Release|x64.Deploy.0 = Release|x64
		{DC42A9B6-6DB9-4DB0-9626-B56460FACC10}.Release|x86.ActiveCfg = Release|Win32
		{DC42A9B6-6DB9-4DB0-9626-B56460FACC10}.Release|x86.Build.0 = Release|Win32
		{DC42A9B6-6DB9-4DB0-9626-B56460FACC10}.Release|x86.Deploy.0 = Release|Win32
		{DC42A9B6-6DB9-4DB0-9626-B56460FACC10}.ReleaseA|ARM.ActiveCfg = Release|ARM
		{DC42A9B6-6DB9-4DB0-9626-B56460FACC10}.ReleaseA|ARM.Build.0 = Release|ARM
		{DC42A9B6-6DB9-4DB0-9626-B56460FACC10}.ReleaseA|ARM.Deploy.0 = Release|ARM
		{DC42A9B6-6DB9-4DB0-9626-B56460FACC10}.ReleaseA|ARM64.ActiveCfg = Release|ARM64
		{DC42A9B6-6DB9-4DB0-9626-B56460FACC10}.ReleaseA|ARM64.Build.0 = Release|ARM64
		{DC42A9B6-6DB9-4DB0-9626-B56460FACC10}.ReleaseA|ARM64.Deploy.0 = Release|ARM64
		{DC42A9B6-6DB9-4DB0-9626-B56460FACC10}.ReleaseA|x64.ActiveCfg = Release|x64
		{DC42A9B6-6DB9-4DB0-9626-B56460FACC10}.ReleaseA|x64.Build.0 = Release|x64
		{DC42A9B6-6DB9-4DB0-9626-B56460FACC10}.ReleaseA|x64.Deploy.0 = Release|x64
		{DC42A9B6-6DB9-4DB0-9626-B56460FACC10}.ReleaseA|x86.ActiveCfg = Release|Win32
		{DC42A9B6-6DB9-4DB0-9626-B56460FACC10}.ReleaseA|x86.Build.0 = Release|Win32
		{DC42A9B6-6DB9-4DB0-9626-B56460FACC10}.ReleaseA|x86.Deploy.0 = Release|Win32
		{DC42A9B6-6DB9-4DB0-9626-B56460FACC10}.SDebug|ARM.ActiveCfg = Debug|ARM
		{DC42A9B6-6DB9-4DB0-9626-B56460FACC10}.SDebug|ARM.Build.0 = Debug|ARM
		{DC42A9B6-6DB9-4DB0-9626-B56460FACC10}.SDebug|ARM.Deploy.0 = Debug|ARM
		{DC42A9B6-6DB9-4DB0-9626-B56460FACC10}.SDebug|ARM64.ActiveCfg = Debug|ARM64
		{DC42A9B6-6DB9-4DB0-9626-B56460FACC10}.SDebug|ARM64.Build.0 = Debug|ARM64
		{DC42A9B6-6DB9-4DB0-9626-B56460FACC10}.SDebug|ARM64.Deploy.0 = Debug|ARM64
		{DC42A9B6-6DB9-4DB0-9626-B56460FACC10}.SDebug|x64.ActiveCfg = Debug|x64
		{DC42A9B6-6DB9-4DB0-9626-B56460FACC10}.SDebug|x64.Build.0 = Debug|x64
		{DC42A9B6-6DB9-4DB0-9626-B56460FACC10}.SDebug|x64.Deploy.0 = Debug|x64
		{DC42A9B6-6DB9-4DB0-9626-B56460FACC10}.SDebug|x86.ActiveCfg = Debug|Win32
		{DC42A9B6-6DB9-4DB0-9626-B56460FACC10}.SDebug|x86.Build.0 = Debug|Win32
		{DC42A9B6-6DB9-4DB0-9626-B56460FACC10}.SDebug|x86.Deploy.0 = Debug|Win32
		{DC42A9B6-6DB9-4DB0-9626-B56460FACC10}.SDebugA|ARM.ActiveCfg = Debug|ARM
		{DC42A9B6-6DB9-4DB0-9626-B56460FACC10}.SDebugA|ARM.Build.0 = Debug|ARM
		{DC42A9B6-6DB9-4DB0-9626-B56460FACC10}.SDebugA|ARM.Deploy.0 = Debug|ARM
		{DC42A9B6-6DB9-4DB0-9626-B56460FACC10}.SDebugA|ARM64.ActiveCfg = Debug|ARM64
		{DC42A9B6-6DB9-4DB0-9626-B56460FACC10}.SDebugA|ARM64.Build.0 = Debug|ARM64
		{DC42A9B6-6DB9-4DB0-9626-B56460FACC10}.SDebugA|ARM64.Deploy.0 = Debug|ARM64
		{DC42A9B6-6DB9-4DB0-9626-B56460FACC10}.SDebugA|x64.ActiveCfg = Debug|x64
		{DC42A9B6-6DB9-4DB0-9626-B56460FACC10}.SDebugA|x64.Build.0 = Debug|x64
		{DC42A9B6-6DB9-4DB0-9626-B56460FACC10}.SDebugA|x64.Deploy.0 = Debug|x64
		{DC42A9B6-6DB9-4DB0-9626-B56460FACC10}.SDebugA|x86.ActiveCfg = Debug|Win32
		{DC42A9B6-6DB9-4DB0-9626-B56460FACC10}.SDebugA|x86.Build.0 = Debug|Win32
		{DC42A9B6-6DB9-4DB0-9626-B56460FACC10}.SDebugA|x86.Deploy.0 = Debug|Win32
		{DC42A9B6-6DB9-4DB0-9626-B56460FACC10}.SRelease|ARM.ActiveCfg = Release|ARM
		{DC42A9B6-6DB9-4DB0-9626-B56460FACC10}.SRelease|ARM.Build.0 = Release|ARM
		{DC42A9B6-6DB9-4DB0-9626-B56460FACC10}.SRelease|ARM.Deploy.0 = Release|ARM
		{DC42A9B6-6DB9-4DB0-9626-B56460FACC10}.SRelease|ARM64.ActiveCfg = Release|ARM64
		{DC42A9B6-6DB9-4DB0-9626-B56460FACC10}.SRelease|ARM64.Build.0 = Release|ARM64
		{DC42A9B6-6DB9-4DB0-9626-B56460FACC10}.SRelease|ARM64.Deploy.0 = Release|ARM64
		{DC42A9B6-6DB9-4DB0-9626-B56460FACC10}.SRelease|x64.ActiveCfg = Release|x64
		{DC42A9B6-6DB9-4DB0-9626-B56460FACC10}.SRelease|x64.Build.0 = Release|x64
		{DC42A9B6-6DB9-4DB0-9626-B56460FACC10}.SRelease|x64.Deploy.0 = Release|x64
		{DC42A9B6-6DB9-4DB0-9626-B56460FACC10}.SRelease|x86.ActiveCfg = Release|Win32
		{DC42A9B6-6DB9-4DB0-9626-B56460FACC10}.SRelease|x86.Build.0 = Release|Win32
		{DC42A9B6-6DB9-4DB0-9626-B56460FACC10}.SRelease|x86.Deploy.0 = Release|Win32
		{DC42A9B6-6DB9-4DB0-9626-B56460FACC10}.SReleaseA|ARM.ActiveCfg = Release|ARM
		{DC42A9B6-6DB9-4DB0-9626-B56460FACC10}.SReleaseA|ARM.Build.0 = Release|ARM
		{DC42A9B6-6DB9-4DB0-9626-B56460FACC10}.SReleaseA|ARM.Deploy.0 = Release|ARM
		{DC42A9B6-6DB9-4DB0-9626-B56460FACC10}.SReleaseA|ARM64.ActiveCfg = Release|ARM64
		{DC42A9B6-6DB9-4DB0-9626-B56460FACC10}.SReleaseA|ARM64.Build.0 = Release|ARM64
		{DC42A9B6-6DB9-4DB0-9626-B56460FACC10}.SReleaseA|ARM64.Deploy.0 = Release|ARM64
		{DC42A9B6-6DB9-4DB0-9626-B56460FACC10}.SReleaseA|x64.ActiveCfg = Release|x64
		{DC42A9B6-6DB9-4DB0-9626-B56460FACC10}.SReleaseA|x64.Build.0 = Release|x64
		{DC42A9B6-6DB9-4DB0-9626-B56460FACC10}.SReleaseA|x64.Deploy.0 = Release|x64
		{DC42A9B6-6DB9-4DB0-9626-B56460FACC10}.SReleaseA|x86.ActiveCfg = Release|Win32
		{DC42A9B6-6DB9-4DB0-9626-B56460FACC10}.SReleaseA|x86.Build.0 = Release|Win32
		{DC42A9B6-6DB9-4DB0-9626-B56460FACC10}.SReleaseA|x86.Deploy.0 = Release|Win32
	EndGlobalSection
	GlobalSection(SolutionProperties) = preSolution
		HideSolutionNode = FALSE
	EndGlobalSection
	GlobalSection(ExtensibilityGlobals) = postSolution
		SolutionGuid = {4DA91585-41C9-4CF5-978D-36FF1629884A}
	EndGlobalSection
EndGlobal
