<?xml version="1.0" encoding="utf-8"?>
<Project ToolsVersion="4.0" xmlns="http://schemas.microsoft.com/developer/msbuild/2003">
  <ItemGroup>
    <Filter Include="Source Files">
      <UniqueIdentifier>{4FC737F1-C7A5-4376-A066-2A32D752A2FF}</UniqueIdentifier>
      <Extensions>cpp;c;cc;cxx;def;odl;idl;hpj;bat;asm;asmx</Extensions>
    </Filter>
    <Filter Include="Header Files">
      <UniqueIdentifier>{93995380-89BD-4b04-88EB-625FBE52EBFB}</UniqueIdentifier>
      <Extensions>h;hh;hpp;hxx;hm;inl;inc;ipp;xsd</Extensions>
    </Filter>
    <Filter Include="Resource Files">
      <UniqueIdentifier>{67DA6AB6-F800-4c08-8B7A-83BB121AAD01}</UniqueIdentifier>
      <Extensions>rc;ico;cur;bmp;dlg;rc2;rct;bin;rgs;gif;jpg;jpeg;jpe;resx;tiff;tif;png;wav;mfcribbon-ms</Extensions>
    </Filter>
    <Filter Include="hook">
      <UniqueIdentifier>{359273ac-511f-40a9-a3e2-dadd915b10f2}</UniqueIdentifier>
    </Filter>
    <Filter Include="cvecheck">
      <UniqueIdentifier>{49080845-ed79-416b-9aa1-d2bf924e39a4}</UniqueIdentifier>
    </Filter>
    <Filter Include="HlprDLLAlpc">
      <UniqueIdentifier>{8813ac34-f4b7-4460-99a1-c371a2281c92}</UniqueIdentifier>
    </Filter>
  </ItemGroup>
  <ItemGroup>
    <ClInclude Include="framework.h">
      <Filter>Header Files</Filter>
    </ClInclude>
    <ClInclude Include="pch.h">
      <Filter>Header Files</Filter>
    </ClInclude>
    <ClInclude Include="hook.h">
      <Filter>hook</Filter>
    </ClInclude>
    <ClInclude Include="HlprDllAlpc.h">
      <Filter>HlprDLLAlpc</Filter>
    </ClInclude>
    <ClInclude Include="ntbasic.h">
      <Filter>Header Files</Filter>
    </ClInclude>
    <ClInclude Include="Cve_2016_0189.h">
      <Filter>cvecheck</Filter>
    </ClInclude>
  </ItemGroup>
  <ItemGroup>
    <ClCompile Include="dllmain.cpp">
      <Filter>Source Files</Filter>
    </ClCompile>
    <ClCompile Include="pch.cpp">
      <Filter>Source Files</Filter>
    </ClCompile>
    <ClCompile Include="hook.cpp">
      <Filter>hook</Filter>
    </ClCompile>
    <ClCompile Include="HlprDllAlpc.cpp">
      <Filter>HlprDLLAlpc</Filter>
    </ClCompile>
    <ClCompile Include="Cve_2016_0189.cpp">
      <Filter>cvecheck</Filter>
    </ClCompile>
  </ItemGroup>
</Project>